
Microsoft Visual Studio Solution File, Format Version 12.00
# Visual Studio Version 17
VisualStudioVersion = 17.9.34607.119
MinimumVisualStudioVersion = 10.0.40219.1
Project("{FAE04EC0-301F-11D3-BF4B-00C04F79EFBC}") = "AgriculturePresentation", "AgriculturePresentation\AgriculturePresentation.csproj", "{5566698F-BE08-45F8-8FE8-B8AADF690AB4}"
EndProject
Project("{FAE04EC0-301F-11D3-BF4B-00C04F79EFBC}") = "EntityLayer", "EntityLayer\EntityLayer.csproj", "{B1FE1F48-5778-4118-88AE-644BB020F2FD}"
EndProject
Project("{FAE04EC0-301F-11D3-BF4B-00C04F79EFBC}") = "DataAccessLayer", "DataAccessLayer\DataAccessLayer.csproj", "{60A55B5C-06AD-4FA8-9491-AEA8082C331C}"
EndProject
Project("{FAE04EC0-301F-11D3-BF4B-00C04F79EFBC}") = "BusinessLayer", "BusinessLayer\BusinessLayer.csproj", "{FF7CDF8F-67D5-4B74-A688-21C419F11D76}"
EndProject
Global
	GlobalSection(SolutionConfigurationPlatforms) = preSolution
		Debug|Any CPU = Debug|Any CPU
		Release|Any CPU = Release|Any CPU
	EndGlobalSection
	GlobalSection(ProjectConfigurationPlatforms) = postSolution
		{5566698F-BE08-45F8-8FE8-B8AADF690AB4}.Debug|Any CPU.ActiveCfg = Debug|Any CPU
		{5566698F-BE08-45F8-8FE8-B8AADF690AB4}.Debug|Any CPU.Build.0 = Debug|Any CPU
		{5566698F-BE08-45F8-8FE8-B8AADF690AB4}.Release|Any CPU.ActiveCfg = Release|Any CPU
		{5566698F-BE08-45F8-8FE8-B8AADF690AB4}.Release|Any CPU.Build.0 = Release|Any CPU
		{B1FE1F48-5778-4118-88AE-644BB020F2FD}.Debug|Any CPU.ActiveCfg = Debug|Any CPU
		{B1FE1F48-5778-4118-88AE-644BB020F2FD}.Debug|Any CPU.Build.0 = Debug|Any CPU
		{B1FE1F48-5778-4118-88AE-644BB020F2FD}.Release|Any CPU.ActiveCfg = Release|Any CPU
		{B1FE1F48-5778-4118-88AE-644BB020F2FD}.Release|Any CPU.Build.0 = Release|Any CPU
		{60A55B5C-06AD-4FA8-9491-AEA8082C331C}.Debug|Any CPU.ActiveCfg = Debug|Any CPU
		{60A55B5C-06AD-4FA8-9491-AEA8082C331C}.Debug|Any CPU.Build.0 = Debug|Any CPU
		{60A55B5C-06AD-4FA8-9491-AEA8082C331C}.Release|Any CPU.ActiveCfg = Release|Any CPU
		{60A55B5C-06AD-4FA8-9491-AEA8082C331C}.Release|Any CPU.Build.0 = Release|Any CPU
		{FF7CDF8F-67D5-4B74-A688-21C419F11D76}.Debug|Any CPU.ActiveCfg = Debug|Any CPU
		{FF7CDF8F-67D5-4B74-A688-21C419F11D76}.Debug|Any CPU.Build.0 = Debug|Any CPU
		{FF7CDF8F-67D5-4B74-A688-21C419F11D76}.Release|Any CPU.ActiveCfg = Release|Any CPU
		{FF7CDF8F-67D5-4B74-A688-21C419F11D76}.Release|Any CPU.Build.0 = Release|Any CPU
	EndGlobalSection
	GlobalSection(SolutionProperties) = preSolution
		HideSolutionNode = FALSE
	EndGlobalSection
	GlobalSection(ExtensibilityGlobals) = postSolution
		SolutionGuid = {77AA00E1-CDF3-4BC8-8C5D-E58F760638A8}
	EndGlobalSection
EndGlobal
